
Microsoft Visual Studio Solution File, Format Version 12.00
# Visual Studio Version 16
VisualStudioVersion = 16.0.33130.400
MinimumVisualStudioVersion = 10.0.40219.1
Project("{FAE04EC0-301F-11D3-BF4B-00C04F79EFBC}") = "kiem tra", "kiem tra\kiem tra.csproj", "{05F5DD47-9BC7-4169-A38E-83E98D8AEF7E}"
EndProject
Global
	GlobalSection(SolutionConfigurationPlatforms) = preSolution
		Debug|Any CPU = Debug|Any CPU
		Release|Any CPU = Release|Any CPU
	EndGlobalSection
	GlobalSection(ProjectConfigurationPlatforms) = postSolution
		{05F5DD47-9BC7-4169-A38E-83E98D8AEF7E}.Debug|Any CPU.ActiveCfg = Debug|Any CPU
		{05F5DD47-9BC7-4169-A38E-83E98D8AEF7E}.Debug|Any CPU.Build.0 = Debug|Any CPU
		{05F5DD47-9BC7-4169-A38E-83E98D8AEF7E}.Release|Any CPU.ActiveCfg = Release|Any CPU
		{05F5DD47-9BC7-4169-A38E-83E98D8AEF7E}.Release|Any CPU.Build.0 = Release|Any CPU
	EndGlobalSection
	GlobalSection(SolutionProperties) = preSolution
		HideSolutionNode = FALSE
	EndGlobalSection
	GlobalSection(ExtensibilityGlobals) = postSolution
		SolutionGuid = {E595F53D-A677-4D08-AF90-5297B8A57D6C}
	EndGlobalSection
EndGlobal
